
Microsoft Visual Studio Solution File, Format Version 12.00
# Visual Studio Version 16
VisualStudioVersion = 16.0.30011.22
MinimumVisualStudioVersion = 10.0.40219.1
Project("{FAE04EC0-301F-11D3-BF4B-00C04F79EFBC}") = "COVIDMARK MARKET OTOMASYONU", "COVIDMARK MARKET OTOMASYONU\COVIDMARK MARKET OTOMASYONU.csproj", "{2B31D8DB-96DB-4F08-A809-A71CF64073E7}"
EndProject
Global
	GlobalSection(SolutionConfigurationPlatforms) = preSolution
		Debug|Any CPU = Debug|Any CPU
		Release|Any CPU = Release|Any CPU
	EndGlobalSection
	GlobalSection(ProjectConfigurationPlatforms) = postSolution
		{2B31D8DB-96DB-4F08-A809-A71CF64073E7}.Debug|Any CPU.ActiveCfg = Debug|Any CPU
		{2B31D8DB-96DB-4F08-A809-A71CF64073E7}.Debug|Any CPU.Build.0 = Debug|Any CPU
		{2B31D8DB-96DB-4F08-A809-A71CF64073E7}.Release|Any CPU.ActiveCfg = Release|Any CPU
		{2B31D8DB-96DB-4F08-A809-A71CF64073E7}.Release|Any CPU.Build.0 = Release|Any CPU
	EndGlobalSection
	GlobalSection(SolutionProperties) = preSolution
		HideSolutionNode = FALSE
	EndGlobalSection
	GlobalSection(ExtensibilityGlobals) = postSolution
		SolutionGuid = {BB872CFA-BB57-458B-AC58-BFCC1467B559}
	EndGlobalSection
EndGlobal
